
Microsoft Visual Studio Solution File, Format Version 12.00
# Visual Studio Version 17
VisualStudioVersion = 17.7.34202.233
MinimumVisualStudioVersion = 10.0.40219.1
Project("{9A19103F-16F7-4668-BE54-9A1E7A4F7556}") = "Shapes", "Shapes\Shapes.csproj", "{E68CB8B0-211C-47BD-A30B-D62F4B897FE6}"
EndProject
Project("{FAE04EC0-301F-11D3-BF4B-00C04F79EFBC}") = "Shapes.Tests", "Shapes.Tests\Shapes.Tests.csproj", "{9D8AF0F9-7D09-4070-9DF6-75CA48C966CB}"
EndProject
Project("{FAE04EC0-301F-11D3-BF4B-00C04F79EFBC}") = "ConsoleApp", "ConsoleApp\ConsoleApp.csproj", "{BD3109C6-2DCC-49AF-95FC-F20A2A84673B}"
EndProject
Global
	GlobalSection(SolutionConfigurationPlatforms) = preSolution
		Debug|Any CPU = Debug|Any CPU
		Release|Any CPU = Release|Any CPU
	EndGlobalSection
	GlobalSection(ProjectConfigurationPlatforms) = postSolution
		{E68CB8B0-211C-47BD-A30B-D62F4B897FE6}.Debug|Any CPU.ActiveCfg = Debug|Any CPU
		{E68CB8B0-211C-47BD-A30B-D62F4B897FE6}.Debug|Any CPU.Build.0 = Debug|Any CPU
		{E68CB8B0-211C-47BD-A30B-D62F4B897FE6}.Release|Any CPU.ActiveCfg = Release|Any CPU
		{E68CB8B0-211C-47BD-A30B-D62F4B897FE6}.Release|Any CPU.Build.0 = Release|Any CPU
		{9D8AF0F9-7D09-4070-9DF6-75CA48C966CB}.Debug|Any CPU.ActiveCfg = Debug|Any CPU
		{9D8AF0F9-7D09-4070-9DF6-75CA48C966CB}.Debug|Any CPU.Build.0 = Debug|Any CPU
		{9D8AF0F9-7D09-4070-9DF6-75CA48C966CB}.Release|Any CPU.ActiveCfg = Release|Any CPU
		{9D8AF0F9-7D09-4070-9DF6-75CA48C966CB}.Release|Any CPU.Build.0 = Release|Any CPU
		{BD3109C6-2DCC-49AF-95FC-F20A2A84673B}.Debug|Any CPU.ActiveCfg = Debug|Any CPU
		{BD3109C6-2DCC-49AF-95FC-F20A2A84673B}.Debug|Any CPU.Build.0 = Debug|Any CPU
		{BD3109C6-2DCC-49AF-95FC-F20A2A84673B}.Release|Any CPU.ActiveCfg = Release|Any CPU
		{BD3109C6-2DCC-49AF-95FC-F20A2A84673B}.Release|Any CPU.Build.0 = Release|Any CPU
	EndGlobalSection
	GlobalSection(SolutionProperties) = preSolution
		HideSolutionNode = FALSE
	EndGlobalSection
	GlobalSection(ExtensibilityGlobals) = postSolution
		SolutionGuid = {5E1CA2AB-D9A0-4D32-8615-C4C056C83FEC}
	EndGlobalSection
EndGlobal
